# This file is automatically @generated by Cargo.
# It is not intended for manual editing.
version = 3

[[package]]
name = "cc"
version = "1.0.28"
source = "registry+https://github.com/rust-lang/crates.io-index"
checksum = "bb4a8b715cb4597106ea87c7c84b2f1d452c7492033765df7f32651e66fcf749"

[[package]]
name = "cffi-ownership"
version = "0.1.0"
dependencies = [
 "cc",
 "libc",
]

[[package]]
name = "libc"
version = "0.2.45"
source = "registry+https://github.com/rust-lang/crates.io-index"
checksum = "2d2857ec59fadc0773853c664d2d18e7198e83883e7060b63c924cb077bd5c74"
